<?xml version="1.0" encoding="utf-8"?>
<Project ToolsVersion="4.0" xmlns="http://schemas.microsoft.com/developer/msbuild/2003">
  <ItemGroup>
    <Filter Include="win32">
      <UniqueIdentifier>{84a8ebd7-7cf0-47f6-b75e-d441df67da40}</UniqueIdentifier>
    </Filter>
    <Filter Include="Classes">
      <UniqueIdentifier>{bb6c862e-70e9-49d9-81b7-3829a6f50471}</UniqueIdentifier>
    </Filter>
    <Filter Include="Classes\Controllers">
      <UniqueIdentifier>{622d699f-3285-402a-be2b-87a3a1532dff}</UniqueIdentifier>
    </Filter>
    <Filter Include="Classes\Layers">
      <UniqueIdentifier>{7eec428f-3f4f-40a8-99ff-90408e46b565}</UniqueIdentifier>
    </Filter>
    <Filter Include="Classes\Scenes">
      <UniqueIdentifier>{71a32c1c-91fa-440b-a39b-df262a1bc492}</UniqueIdentifier>
    </Filter>
    <Filter Include="yhmvc">
      <UniqueIdentifier>{3677892a-188c-4bee-81e5-fd1e650b37d6}</UniqueIdentifier>
    </Filter>
    <Filter Include="yhmvc\Builders">
      <UniqueIdentifier>{fa7b05b0-6c7f-40a3-9322-3efc2e4c3bf8}</UniqueIdentifier>
    </Filter>
    <Filter Include="yhmvc\Controllers">
      <UniqueIdentifier>{61681ef8-4007-4c0f-b65e-1e18d63e3c42}</UniqueIdentifier>
    </Filter>
    <Filter Include="yhmvc\Core">
      <UniqueIdentifier>{2ce3620e-157a-43ab-9043-e46e5d7c09e5}</UniqueIdentifier>
    </Filter>
  </ItemGroup>
  <ItemGroup>
    <ClCompile Include="main.cpp">
      <Filter>win32</Filter>
    </ClCompile>
    <ClCompile Include="..\Classes\AppDelegate.cpp">
      <Filter>Classes</Filter>
    </ClCompile>
    <ClCompile Include="..\Classes\Layers\HelloLayer.cpp">
      <Filter>Classes\Layers</Filter>
    </ClCompile>
    <ClCompile Include="..\Classes\Game.cpp">
      <Filter>Classes</Filter>
    </ClCompile>
    <ClCompile Include="..\yhmvc\yhmvc\Builders\Builder.cpp">
      <Filter>yhmvc\Builders</Filter>
    </ClCompile>
    <ClCompile Include="..\yhmvc\yhmvc\Builders\CCBBuilder.cpp">
      <Filter>yhmvc\Builders</Filter>
    </ClCompile>
    <ClCompile Include="..\yhmvc\yhmvc\Builders\YHBuilder.cpp">
      <Filter>yhmvc\Builders</Filter>
    </ClCompile>
    <ClCompile Include="..\yhmvc\yhmvc\Controllers\ControllerDirector.cpp">
      <Filter>yhmvc\Controllers</Filter>
    </ClCompile>
    <ClCompile Include="..\yhmvc\yhmvc\Controllers\NavigateController.cpp">
      <Filter>yhmvc\Controllers</Filter>
    </ClCompile>
    <ClCompile Include="..\yhmvc\yhmvc\Core\Layer.cpp">
      <Filter>yhmvc\Core</Filter>
    </ClCompile>
    <ClCompile Include="..\yhmvc\yhmvc\Core\LayerController.cpp">
      <Filter>yhmvc\Core</Filter>
    </ClCompile>
    <ClCompile Include="..\yhmvc\yhmvc\Core\Scene.cpp">
      <Filter>yhmvc\Core</Filter>
    </ClCompile>
    <ClCompile Include="..\yhmvc\yhmvc\Core\SceneDirector.cpp">
      <Filter>yhmvc\Core</Filter>
    </ClCompile>
    <ClCompile Include="..\yhmvc\yhmvc\Core\Window.cpp">
      <Filter>yhmvc\Core</Filter>
    </ClCompile>
    <ClCompile Include="..\Classes\Controllers\FooterController.cpp">
      <Filter>Classes\Controllers</Filter>
    </ClCompile>
    <ClCompile Include="..\Classes\Controllers\HeaderController.cpp">
      <Filter>Classes\Controllers</Filter>
    </ClCompile>
    <ClCompile Include="..\Classes\Controllers\InitializeController.cpp">
      <Filter>Classes\Controllers</Filter>
    </ClCompile>
    <ClCompile Include="..\Classes\Controllers\MainController.cpp">
      <Filter>Classes\Controllers</Filter>
    </ClCompile>
    <ClCompile Include="..\Classes\Controllers\OneController.cpp">
      <Filter>Classes\Controllers</Filter>
    </ClCompile>
    <ClCompile Include="..\Classes\Controllers\ShopController.cpp">
      <Filter>Classes\Controllers</Filter>
    </ClCompile>
    <ClCompile Include="..\Classes\Controllers\ThreeController.cpp">
      <Filter>Classes\Controllers</Filter>
    </ClCompile>
    <ClCompile Include="..\Classes\Controllers\ThreeSegmentController.cpp">
      <Filter>Classes\Controllers</Filter>
    </ClCompile>
    <ClCompile Include="..\Classes\Controllers\ThreeSegmentController2.cpp">
      <Filter>Classes\Controllers</Filter>
    </ClCompile>
    <ClCompile Include="..\Classes\Controllers\TwoController.cpp">
      <Filter>Classes\Controllers</Filter>
    </ClCompile>
    <ClCompile Include="..\Classes\Scenes\BaseScene.cpp">
      <Filter>Classes\Scenes</Filter>
    </ClCompile>
    <ClCompile Include="..\Classes\Scenes\GameSceneDirector.cpp">
      <Filter>Classes\Scenes</Filter>
    </ClCompile>
    <ClCompile Include="..\Classes\Scenes\InitializeScene.cpp">
      <Filter>Classes\Scenes</Filter>
    </ClCompile>
    <ClCompile Include="..\Classes\Scenes\MainScene.cpp">
      <Filter>Classes\Scenes</Filter>
    </ClCompile>
    <ClCompile Include="..\Classes\Scenes\OneScene.cpp">
      <Filter>Classes\Scenes</Filter>
    </ClCompile>
    <ClCompile Include="..\Classes\Scenes\ShopScene.cpp">
      <Filter>Classes\Scenes</Filter>
    </ClCompile>
    <ClCompile Include="..\Classes\Scenes\ThreeScene.cpp">
      <Filter>Classes\Scenes</Filter>
    </ClCompile>
    <ClCompile Include="..\Classes\Scenes\ThreeSegmentScene.cpp">
      <Filter>Classes\Scenes</Filter>
    </ClCompile>
    <ClCompile Include="..\Classes\Scenes\ThreeSegmentScene2.cpp">
      <Filter>Classes\Scenes</Filter>
    </ClCompile>
    <ClCompile Include="..\Classes\Scenes\TwoScene.cpp">
      <Filter>Classes\Scenes</Filter>
    </ClCompile>
  </ItemGroup>
  <ItemGroup>
    <ClInclude Include="main.h">
      <Filter>win32</Filter>
    </ClInclude>
    <ClInclude Include="..\Classes\AppDelegate.h">
      <Filter>Classes</Filter>
    </ClInclude>
    <ClInclude Include="..\Classes\Layers\HelloLayer.h">
      <Filter>Classes\Layers</Filter>
    </ClInclude>
    <ClInclude Include="..\Classes\Game.h">
      <Filter>Classes</Filter>
    </ClInclude>
    <ClInclude Include="..\Classes\GameMacros.h">
      <Filter>Classes</Filter>
    </ClInclude>
    <ClInclude Include="..\yhmvc\yhmvc\Builders\Builder.h">
      <Filter>yhmvc\Builders</Filter>
    </ClInclude>
    <ClInclude Include="..\yhmvc\yhmvc\Builders\CCBBuilder.h">
      <Filter>yhmvc\Builders</Filter>
    </ClInclude>
    <ClInclude Include="..\yhmvc\yhmvc\Builders\YHBuilder.h">
      <Filter>yhmvc\Builders</Filter>
    </ClInclude>
    <ClInclude Include="..\yhmvc\yhmvc\Controllers\ControllerDirector.h">
      <Filter>yhmvc\Controllers</Filter>
    </ClInclude>
    <ClInclude Include="..\yhmvc\yhmvc\Controllers\NavigateController.h">
      <Filter>yhmvc\Controllers</Filter>
    </ClInclude>
    <ClInclude Include="..\yhmvc\yhmvc\Core\Layer.h">
      <Filter>yhmvc\Core</Filter>
    </ClInclude>
    <ClInclude Include="..\yhmvc\yhmvc\Core\LayerController.h">
      <Filter>yhmvc\Core</Filter>
    </ClInclude>
    <ClInclude Include="..\yhmvc\yhmvc\Core\Scene.h">
      <Filter>yhmvc\Core</Filter>
    </ClInclude>
    <ClInclude Include="..\yhmvc\yhmvc\Core\SceneDirector.h">
      <Filter>yhmvc\Core</Filter>
    </ClInclude>
    <ClInclude Include="..\yhmvc\yhmvc\Core\Window.h">
      <Filter>yhmvc\Core</Filter>
    </ClInclude>
    <ClInclude Include="..\yhmvc\yhmvc\yhmvc.h">
      <Filter>yhmvc</Filter>
    </ClInclude>
    <ClInclude Include="..\yhmvc\yhmvc\YHMVCMacros.h">
      <Filter>yhmvc</Filter>
    </ClInclude>
    <ClInclude Include="..\Classes\Controllers\FooterController.h">
      <Filter>Classes\Controllers</Filter>
    </ClInclude>
    <ClInclude Include="..\Classes\Controllers\HeaderController.h">
      <Filter>Classes\Controllers</Filter>
    </ClInclude>
    <ClInclude Include="..\Classes\Controllers\InitializeController.h">
      <Filter>Classes\Controllers</Filter>
    </ClInclude>
    <ClInclude Include="..\Classes\Controllers\MainController.h">
      <Filter>Classes\Controllers</Filter>
    </ClInclude>
    <ClInclude Include="..\Classes\Controllers\OneController.h">
      <Filter>Classes\Controllers</Filter>
    </ClInclude>
    <ClInclude Include="..\Classes\Controllers\ShopController.h">
      <Filter>Classes\Controllers</Filter>
    </ClInclude>
    <ClInclude Include="..\Classes\Controllers\ThreeController.h">
      <Filter>Classes\Controllers</Filter>
    </ClInclude>
    <ClInclude Include="..\Classes\Controllers\ThreeSegmentController.h">
      <Filter>Classes\Controllers</Filter>
    </ClInclude>
    <ClInclude Include="..\Classes\Controllers\ThreeSegmentController2.h">
      <Filter>Classes\Controllers</Filter>
    </ClInclude>
    <ClInclude Include="..\Classes\Controllers\TwoController.h">
      <Filter>Classes\Controllers</Filter>
    </ClInclude>
    <ClInclude Include="..\Classes\Scenes\BaseScene.h">
      <Filter>Classes\Scenes</Filter>
    </ClInclude>
    <ClInclude Include="..\Classes\Scenes\GameSceneDirector.h">
      <Filter>Classes\Scenes</Filter>
    </ClInclude>
    <ClInclude Include="..\Classes\Scenes\InitializeScene.h">
      <Filter>Classes\Scenes</Filter>
    </ClInclude>
    <ClInclude Include="..\Classes\Scenes\MainScene.h">
      <Filter>Classes\Scenes</Filter>
    </ClInclude>
    <ClInclude Include="..\Classes\Scenes\OneScene.h">
      <Filter>Classes\Scenes</Filter>
    </ClInclude>
    <ClInclude Include="..\Classes\Scenes\SceneDefine.h">
      <Filter>Classes\Scenes</Filter>
    </ClInclude>
    <ClInclude Include="..\Classes\Scenes\SceneRegisterData.h">
      <Filter>Classes\Scenes</Filter>
    </ClInclude>
    <ClInclude Include="..\Classes\Scenes\ShopScene.h">
      <Filter>Classes\Scenes</Filter>
    </ClInclude>
    <ClInclude Include="..\Classes\Scenes\ThreeScene.h">
      <Filter>Classes\Scenes</Filter>
    </ClInclude>
    <ClInclude Include="..\Classes\Scenes\ThreeSegmentScene.h">
      <Filter>Classes\Scenes</Filter>
    </ClInclude>
    <ClInclude Include="..\Classes\Scenes\ThreeSegmentScene2.h">
      <Filter>Classes\Scenes</Filter>
    </ClInclude>
    <ClInclude Include="..\Classes\Scenes\TwoScene.h">
      <Filter>Classes\Scenes</Filter>
    </ClInclude>
  </ItemGroup>
</Project>